Microsoft Visual Studio Solution File, Format Version 11.00
# Visual Studio 2008

Project("{B9B6E7F6-C427-428F-4E59-F57BC844CA6E}") = "historicalfpsgame", "Assembly-CSharp-firstpass-vs.csproj", "{84FA7A15-6426-F287-C3FE-6870EBEA027F}"
EndProject
Project("{B9B6E7F6-C427-428F-4E59-F57BC844CA6E}") = "historicalfpsgame", "Assembly-CSharp-vs.csproj", "{7CC75F71-C10C-6E64-2D21-0E7A2A0C0F89}"
EndProject
Global
	GlobalSection(SolutionConfigurationPlatforms) = preSolution
		Debug|Any CPU = Debug|Any CPU
		Release|Any CPU = Release|Any CPU
	EndGlobalSection
	GlobalSection(ProjectConfigurationPlatforms) = postSolution
		{84FA7A15-6426-F287-C3FE-6870EBEA027F}.Debug|Any CPU.ActiveCfg = Debug|Any CPU
		{84FA7A15-6426-F287-C3FE-6870EBEA027F}.Debug|Any CPU.Build.0 = Debug|Any CPU
		{84FA7A15-6426-F287-C3FE-6870EBEA027F}.Release|Any CPU.ActiveCfg = Release|Any CPU
		{84FA7A15-6426-F287-C3FE-6870EBEA027F}.Release|Any CPU.Build.0 = Release|Any CPU
		{7CC75F71-C10C-6E64-2D21-0E7A2A0C0F89}.Debug|Any CPU.ActiveCfg = Debug|Any CPU
		{7CC75F71-C10C-6E64-2D21-0E7A2A0C0F89}.Debug|Any CPU.Build.0 = Debug|Any CPU
		{7CC75F71-C10C-6E64-2D21-0E7A2A0C0F89}.Release|Any CPU.ActiveCfg = Release|Any CPU
		{7CC75F71-C10C-6E64-2D21-0E7A2A0C0F89}.Release|Any CPU.Build.0 = Release|Any CPU
	EndGlobalSection
	GlobalSection(SolutionProperties) = preSolution
		HideSolutionNode = FALSE
	EndGlobalSection
																																																																																																																																																																												GlobalSection(MonoDevelopProperties) = preSolution
		StartupItem = Assembly-CSharp.csproj
		Policies = $0
		$0.TextStylePolicy = $1
		$1.inheritsSet = null
		$1.scope = text/x-csharp
		$0.CSharpFormattingPolicy = $2
		$2.inheritsSet = Mono
		$2.inheritsScope = text/x-csharp
		$2.scope = text/x-csharp
		$0.TextStylePolicy = $3
		$3.FileWidth = 120
		$3.TabWidth = 4
		$3.IndentWidth = 4
		$3.EolMarker = Unix
		$3.inheritsSet = Mono
		$3.inheritsScope = text/plain
		$3.scope = text/plain
	EndGlobalSection

EndGlobal
